
Microsoft Visual Studio Solution File, Format Version 12.00
# Visual Studio Version 16
VisualStudioVersion = 16.0.31605.320
MinimumVisualStudioVersion = 10.0.40219.1
Project("{FAE04EC0-301F-11D3-BF4B-00C04F79EFBC}") = "QLBanHang", "QLBanHang\QLBanHang.csproj", "{081B51A7-6229-4C4F-8293-3FD72B098448}"
EndProject
Global
	GlobalSection(SolutionConfigurationPlatforms) = preSolution
		Debug|Any CPU = Debug|Any CPU
		Release|Any CPU = Release|Any CPU
	EndGlobalSection
	GlobalSection(ProjectConfigurationPlatforms) = postSolution
		{081B51A7-6229-4C4F-8293-3FD72B098448}.Debug|Any CPU.ActiveCfg = Debug|Any CPU
		{081B51A7-6229-4C4F-8293-3FD72B098448}.Debug|Any CPU.Build.0 = Debug|Any CPU
		{081B51A7-6229-4C4F-8293-3FD72B098448}.Release|Any CPU.ActiveCfg = Release|Any CPU
		{081B51A7-6229-4C4F-8293-3FD72B098448}.Release|Any CPU.Build.0 = Release|Any CPU
	EndGlobalSection
	GlobalSection(SolutionProperties) = preSolution
		HideSolutionNode = FALSE
	EndGlobalSection
	GlobalSection(ExtensibilityGlobals) = postSolution
		SolutionGuid = {A2703A79-721F-456A-958A-D93E0BC18AC3}
	EndGlobalSection
	GlobalSection(TeamFoundationVersionControl) = preSolution
		SccNumberOfProjects = 2
		SccEnterpriseProvider = {4CA58AB2-18FA-4F8D-95D4-32DDF27D184C}
		SccTeamFoundationServer = https://dev.azure.com/laptrinhtientienchieuthu2nhom3
		SccLocalPath0 = .
		SccProjectUniqueName1 = QLBanHang\\QLBanHang.csproj
		SccProjectName1 = QLBanHang
		SccLocalPath1 = QLBanHang
	EndGlobalSection
EndGlobal
